# This file is autogenerated, do not edit; changes may be undone by the next 'dep ensure'.


[[projects]]
  name = "github.com/PuerkitoBio/goquery"
  packages = ["."]
  revision = "a86ea073017a6beddef78c8659e7224e8ca634b0"
  version = "v1.4.0"

[[projects]]
  name = "github.com/andybalholm/cascadia"
  packages = ["."]
  revision = "901648c87902174f774fac311d7f176f8647bdaa"
  version = "v1.0.0"

[[projects]]
  name = "github.com/go-redis/redis"
  packages = [".","internal","internal/consistenthash","internal/hashtag","internal/pool","internal/proto","internal/singleflight","internal/util"]
  revision = "877867d2845fbaf86798befe410b6ceb6f5c29a3"
  version = "v6.10.2"

[[projects]]
  name = "github.com/go-telegram-bot-api/telegram-bot-api"
  packages = ["."]
  revision = "2022d04b94f50056a09962b1ac81cdd821d20a55"
  version = "v4.6.1"

[[projects]]
  name = "github.com/go-yaml/yaml"
  packages = ["."]
  revision = "7f97868eec74b32b0982dd158a51a446d1da7eb5"
  version = "v2.1.1"

[[projects]]
  name = "github.com/inconshreveable/mousetrap"
  packages = ["."]
  revision = "76626ae9c91c4f2a10f34cad8ce83ea42c93bb75"
  version = "v1.0"

[[projects]]
  name = "github.com/mdp/qrterminal"
  packages = ["."]
  revision = "bd37d7b62c3e19529343c3426e649b300d3102f8"
  version = "v0.1.2"

[[projects]]
  branch = "master"
  name = "github.com/mdp/rsc"
  packages = ["gf256","qr","qr/coding"]
  revision = "90f07065088deccf50b28eb37c93dad3078c0f3c"

[[projects]]
  branch = "master"
  name = "github.com/scbizu/wechat-go"
  packages = ["wxweb"]
  revision = "441bde85a09735b74bb8d80b1e2a58844f347bc6"

[[projects]]
  branch = "master"
  name = "github.com/songtianyi/rrframework"
  packages = ["config","logs"]
  revision = "968f81daa2c82ed88b6cf4fc583b45407d32013c"

[[projects]]
  name = "github.com/spf13/cobra"
  packages = ["."]
  revision = "b26b538f693051ac6518e65672de3144ce3fbedc"

[[projects]]
  name = "github.com/spf13/pflag"
  packages = ["."]
  revision = "e57e3eeb33f795204c1ca35f56c44f83227c6e66"
  version = "v1.0.0"

[[projects]]
  name = "github.com/technoweenie/multipartstreamer"
  packages = ["."]
  revision = "a90a01d73ae432e2611d178c18367fbaa13e0154"
  version = "v1.0.1"

[[projects]]
  branch = "master"
  name = "golang.org/x/net"
  packages = ["html","html/atom","websocket"]
  revision = "6078986fec03a1dcc236c34816c71b0e05018fda"

[solve-meta]
  analyzer-name = "dep"
  analyzer-version = 1
  inputs-digest = "9d7a4009e04c5a65e98d57a44a8f87a0b0e1198521cd769bbcc1fdf515afb1aa"
  solver-name = "gps-cdcl"
  solver-version = 1
