# This file is autogenerated, do not edit; changes may be undone by the next 'dep ensure'.


[[projects]]
  name = "github.com/cheggaaa/pb"
  packages = ["."]
  revision = "4a1bf7a97d1348c5b50aabf6e1eb0496ca0a3d33"
  version = "v2.0.4"

[[projects]]
  branch = "v2"
  name = "github.com/go-yaml/yaml"
  packages = ["."]
  revision = "25c4ec802a7d637f88d584ab26798e94ad14c13b"

[[projects]]
  name = "github.com/mattn/go-colorable"
  packages = ["."]
  revision = "941b50ebc6efddf4c41c8e4537a5f68a4e686b24"
  version = "v0.0.8"

[[projects]]
  name = "github.com/mattn/go-isatty"
  packages = ["."]
  revision = "2c84d1a24228fa4786c0c3d19a507e8cb0fb91d7"

[[projects]]
  name = "github.com/mdp/qrterminal"
  packages = ["."]
  revision = "39c97d9923c8839fed476cd8647718a92af5fa2f"
  version = "v0.1.1"

[[projects]]
  branch = "master"
  name = "github.com/mdp/rsc"
  packages = ["gf256","qr","qr/coding"]
  revision = "90f07065088deccf50b28eb37c93dad3078c0f3c"

[[projects]]
  branch = "master"
  name = "github.com/scbizu/wechat-go"
  packages = ["wxweb"]
  revision = "a71970e604214be540d32e4b466532cedcc897ad"

[[projects]]
  branch = "master"
  name = "github.com/songtianyi/rrframework"
  packages = ["config","logs","storage"]
  revision = "feb983ace8e14330bba25f268d3c4a235a51b6c2"

[[projects]]
  branch = "master"
  name = "golang.org/x/net"
  packages = ["websocket"]
  revision = "f5079bd7f6f74e23c4d65efa0f4ce14cbd6a3c0f"

[[projects]]
  branch = "master"
  name = "golang.org/x/sys"
  packages = ["unix"]
  revision = "d8f5ea21b9295e315e612b4bcf4bedea93454d4d"

[[projects]]
  name = "gopkg.in/VividCortex/ewma.v1"
  packages = ["."]
  revision = "b24eb346a94c3ba12c1da1e564dbac1b498a77ce"
  version = "v1.1.1"

[[projects]]
  name = "gopkg.in/cheggaaa/pb.v2"
  packages = ["termutil"]
  revision = "1af3d14a5db95b9a9d344f9b6731cc0221ad3696"
  version = "v2.0.3"

[[projects]]
  name = "gopkg.in/fatih/color.v1"
  packages = ["."]
  revision = "570b54cabe6b8eb0bc2dfce68d964677d63b5260"
  version = "v1.5.0"

[[projects]]
  name = "gopkg.in/mattn/go-colorable.v0"
  packages = ["."]
  revision = "167de6bfdfba052fa6b2d3664c8f5272e23c9072"
  version = "v0.0.9"

[[projects]]
  name = "gopkg.in/mattn/go-isatty.v0"
  packages = ["."]
  revision = "fc9e8d8ef48496124e79ae0df75490096eccf6fe"
  version = "v0.0.2"

[[projects]]
  name = "gopkg.in/mattn/go-runewidth.v0"
  packages = ["."]
  revision = "9e777a8366cce605130a531d2cd6363d07ad7317"
  version = "v0.0.2"

[solve-meta]
  analyzer-name = "dep"
  analyzer-version = 1
  inputs-digest = "3c83db6c2925c5f2c902adfa9effd1c9a9837b4c1a5c31f4767bb9f321cf1837"
  solver-name = "gps-cdcl"
  solver-version = 1
