# This file is autogenerated, do not edit; changes may be undone by the next 'dep ensure'.


[[projects]]
  name = "github.com/PuerkitoBio/goquery"
  packages = ["."]
  revision = "e1271ee34c6a305e38566ecd27ae374944907ee9"
  version = "v1.1.0"

[[projects]]
  branch = "master"
  name = "github.com/andybalholm/cascadia"
  packages = ["."]
  revision = "349dd0209470eabd9514242c688c403c0926d266"

[[projects]]
  name = "github.com/go-redis/redis"
  packages = [".","internal","internal/consistenthash","internal/hashtag","internal/pool","internal/proto"]
  revision = "9c885d5ba8a22f260badcffde1649915fbeebfc0"
  version = "v6.7.5"

[[projects]]
  name = "github.com/go-telegram-bot-api/telegram-bot-api"
  packages = ["."]
  revision = "2022d04b94f50056a09962b1ac81cdd821d20a55"
  version = "v4.6.1"

[[projects]]
  branch = "v2"
  name = "github.com/go-yaml/yaml"
  packages = ["."]
  revision = "287cf08546ab5e7e37d55a84f7ed3fd1db036de5"

[[projects]]
  name = "github.com/inconshreveable/mousetrap"
  packages = ["."]
  revision = "76626ae9c91c4f2a10f34cad8ce83ea42c93bb75"
  version = "v1.0"

[[projects]]
  name = "github.com/mdp/qrterminal"
  packages = ["."]
  revision = "bd37d7b62c3e19529343c3426e649b300d3102f8"
  version = "v0.1.2"

[[projects]]
  branch = "master"
  name = "github.com/mdp/rsc"
  packages = ["gf256","qr","qr/coding"]
  revision = "90f07065088deccf50b28eb37c93dad3078c0f3c"

[[projects]]
  branch = "master"
  name = "github.com/scbizu/wechat-go"
  packages = ["wxweb"]
  revision = "441bde85a09735b74bb8d80b1e2a58844f347bc6"

[[projects]]
  branch = "master"
  name = "github.com/songtianyi/rrframework"
  packages = ["config","logs"]
  revision = "feb983ace8e14330bba25f268d3c4a235a51b6c2"

[[projects]]
  name = "github.com/spf13/cobra"
  packages = ["."]
  revision = "b26b538f693051ac6518e65672de3144ce3fbedc"

[[projects]]
  name = "github.com/spf13/pflag"
  packages = ["."]
  revision = "e57e3eeb33f795204c1ca35f56c44f83227c6e66"
  version = "v1.0.0"

[[projects]]
  name = "github.com/technoweenie/multipartstreamer"
  packages = ["."]
  revision = "a90a01d73ae432e2611d178c18367fbaa13e0154"
  version = "v1.0.1"

[[projects]]
  branch = "master"
  name = "golang.org/x/net"
  packages = ["html","html/atom","websocket"]
  revision = "d866cfc389cec985d6fda2859936a575a55a3ab6"

[solve-meta]
  analyzer-name = "dep"
  analyzer-version = 1
  inputs-digest = "9d7a4009e04c5a65e98d57a44a8f87a0b0e1198521cd769bbcc1fdf515afb1aa"
  solver-name = "gps-cdcl"
  solver-version = 1
